
Microsoft Visual Studio Solution File, Format Version 12.00
# Visual Studio Version 16
VisualStudioVersion = 16.0.31321.278
MinimumVisualStudioVersion = 10.0.40219.1
Project("{FAE04EC0-301F-11D3-BF4B-00C04F79EFBC}") = "Channelizer2Cloud", "Channelizer2Cloud\Channelizer2Cloud.csproj", "{FB859223-7179-40B8-AAD5-F65B4347E779}"
EndProject
Global
	GlobalSection(SolutionConfigurationPlatforms) = preSolution
		Debug|Any CPU = Debug|Any CPU
		Release|Any CPU = Release|Any CPU
	EndGlobalSection
	GlobalSection(ProjectConfigurationPlatforms) = postSolution
		{FB859223-7179-40B8-AAD5-F65B4347E779}.Debug|Any CPU.ActiveCfg = Debug|Any CPU
		{FB859223-7179-40B8-AAD5-F65B4347E779}.Debug|Any CPU.Build.0 = Debug|Any CPU
		{FB859223-7179-40B8-AAD5-F65B4347E779}.Release|Any CPU.ActiveCfg = Release|Any CPU
		{FB859223-7179-40B8-AAD5-F65B4347E779}.Release|Any CPU.Build.0 = Release|Any CPU
	EndGlobalSection
	GlobalSection(SolutionProperties) = preSolution
		HideSolutionNode = FALSE
	EndGlobalSection
	GlobalSection(ExtensibilityGlobals) = postSolution
		SolutionGuid = {840532AD-A2C2-4B07-8E91-3F6E25E57E02}
	EndGlobalSection
EndGlobal
